// !$*UTF8*$!
{
	archiveVersion = 1;
	classes = {
	};
	objectVersion = 46;
	objects = {

/* Begin PBXBuildFile section */
		E10864F31E90893A00B2AF21 /* KNStackCollectionViewLayout.m in Sources */ = {isa = PBXBuildFile; fileRef = E10864F21E90893A00B2AF21 /* KNStackCollectionViewLayout.m */; };
		E10864F61E9099D900B2AF21 /* KNCircleCollectionViewLayout.m in Sources */ = {isa = PBXBuildFile; fileRef = E10864F51E9099D900B2AF21 /* KNCircleCollectionViewLayout.m */; };
		E10864F91E90A90D00B2AF21 /* KNWaterFlowLayout.m in Sources */ = {isa = PBXBuildFile; fileRef = E10864F81E90A90D00B2AF21 /* KNWaterFlowLayout.m */; };
		E10864FD1E90A9AB00B2AF21 /* KNWaterViewController.m in Sources */ = {isa = PBXBuildFile; fileRef = E10864FB1E90A9AB00B2AF21 /* KNWaterViewController.m */; };
		E10865021E90AB7F00B2AF21 /* KNShopCollectionViewCell.m in Sources */ = {isa = PBXBuildFile; fileRef = E10865001E90AB7F00B2AF21 /* KNShopCollectionViewCell.m */; };
		E10865031E90AB7F00B2AF21 /* KNShopCollectionViewCell.xib in Resources */ = {isa = PBXBuildFile; fileRef = E10865011E90AB7F00B2AF21 /* KNShopCollectionViewCell.xib */; };
		E10865501E90AD6200B2AF21 /* MJArgument.m in Sources */ = {isa = PBXBuildFile; fileRef = E10865071E90AD6200B2AF21 /* MJArgument.m */; };
		E10865511E90AD6200B2AF21 /* MJConst.m in Sources */ = {isa = PBXBuildFile; fileRef = E10865091E90AD6200B2AF21 /* MJConst.m */; };
		E10865521E90AD6200B2AF21 /* MJFoundation.m in Sources */ = {isa = PBXBuildFile; fileRef = E108650C1E90AD6200B2AF21 /* MJFoundation.m */; };
		E10865531E90AD6200B2AF21 /* MJIvar.m in Sources */ = {isa = PBXBuildFile; fileRef = E108650E1E90AD6200B2AF21 /* MJIvar.m */; };
		E10865541E90AD6200B2AF21 /* MJMember.m in Sources */ = {isa = PBXBuildFile; fileRef = E10865101E90AD6200B2AF21 /* MJMember.m */; };
		E10865551E90AD6200B2AF21 /* MJMethod.m in Sources */ = {isa = PBXBuildFile; fileRef = E10865121E90AD6200B2AF21 /* MJMethod.m */; };
		E10865561E90AD6200B2AF21 /* MJType.m in Sources */ = {isa = PBXBuildFile; fileRef = E10865141E90AD6200B2AF21 /* MJType.m */; };
		E10865571E90AD6200B2AF21 /* MJTypeEncoding.m in Sources */ = {isa = PBXBuildFile; fileRef = E10865161E90AD6200B2AF21 /* MJTypeEncoding.m */; };
		E10865581E90AD6200B2AF21 /* NSObject+MJCoding.m in Sources */ = {isa = PBXBuildFile; fileRef = E10865181E90AD6200B2AF21 /* NSObject+MJCoding.m */; };
		E10865591E90AD6200B2AF21 /* NSObject+MJKeyValue.m in Sources */ = {isa = PBXBuildFile; fileRef = E108651A1E90AD6200B2AF21 /* NSObject+MJKeyValue.m */; };
		E108655A1E90AD6200B2AF21 /* NSObject+MJMember.m in Sources */ = {isa = PBXBuildFile; fileRef = E108651C1E90AD6200B2AF21 /* NSObject+MJMember.m */; };
		E108655B1E90AD6200B2AF21 /* MJRefresh.bundle in Resources */ = {isa = PBXBuildFile; fileRef = E108651E1E90AD6200B2AF21 /* MJRefresh.bundle */; };
		E108655C1E90AD6200B2AF21 /* MJRefreshBaseView.m in Sources */ = {isa = PBXBuildFile; fileRef = E10865211E90AD6200B2AF21 /* MJRefreshBaseView.m */; };
		E108655D1E90AD6200B2AF21 /* MJRefreshConst.m in Sources */ = {isa = PBXBuildFile; fileRef = E10865231E90AD6200B2AF21 /* MJRefreshConst.m */; };
		E108655E1E90AD6200B2AF21 /* MJRefreshFooterView.m in Sources */ = {isa = PBXBuildFile; fileRef = E10865251E90AD6200B2AF21 /* MJRefreshFooterView.m */; };
		E108655F1E90AD6200B2AF21 /* MJRefreshHeaderView.m in Sources */ = {isa = PBXBuildFile; fileRef = E10865271E90AD6200B2AF21 /* MJRefreshHeaderView.m */; };
		E10865601E90AD6200B2AF21 /* UIScrollView+MJExtension.m in Sources */ = {isa = PBXBuildFile; fileRef = E10865291E90AD6200B2AF21 /* UIScrollView+MJExtension.m */; };
		E10865611E90AD6200B2AF21 /* UIScrollView+MJRefresh.m in Sources */ = {isa = PBXBuildFile; fileRef = E108652B1E90AD6200B2AF21 /* UIScrollView+MJRefresh.m */; };
		E10865621E90AD6200B2AF21 /* UIView+MJExtension.m in Sources */ = {isa = PBXBuildFile; fileRef = E108652D1E90AD6200B2AF21 /* UIView+MJExtension.m */; };
		E10865631E90AD6200B2AF21 /* MKAnnotationView+WebCache.m in Sources */ = {isa = PBXBuildFile; fileRef = E10865301E90AD6200B2AF21 /* MKAnnotationView+WebCache.m */; };
		E10865641E90AD6200B2AF21 /* NSData+ImageContentType.m in Sources */ = {isa = PBXBuildFile; fileRef = E10865321E90AD6200B2AF21 /* NSData+ImageContentType.m */; };
		E10865651E90AD6200B2AF21 /* SDImageCache.m in Sources */ = {isa = PBXBuildFile; fileRef = E10865341E90AD6200B2AF21 /* SDImageCache.m */; };
		E10865661E90AD6200B2AF21 /* SDWebImageCompat.m in Sources */ = {isa = PBXBuildFile; fileRef = E10865361E90AD6200B2AF21 /* SDWebImageCompat.m */; };
		E10865671E90AD6200B2AF21 /* SDWebImageDecoder.m in Sources */ = {isa = PBXBuildFile; fileRef = E10865381E90AD6200B2AF21 /* SDWebImageDecoder.m */; };
		E10865681E90AD6200B2AF21 /* SDWebImageDownloader.m in Sources */ = {isa = PBXBuildFile; fileRef = E108653A1E90AD6200B2AF21 /* SDWebImageDownloader.m */; };
		E10865691E90AD6200B2AF21 /* SDWebImageDownloaderOperation.m in Sources */ = {isa = PBXBuildFile; fileRef = E108653C1E90AD6200B2AF21 /* SDWebImageDownloaderOperation.m */; };
		E108656A1E90AD6200B2AF21 /* SDWebImageManager.m in Sources */ = {isa = PBXBuildFile; fileRef = E108653E1E90AD6200B2AF21 /* SDWebImageManager.m */; };
		E108656B1E90AD6200B2AF21 /* SDWebImagePrefetcher.m in Sources */ = {isa = PBXBuildFile; fileRef = E10865411E90AD6200B2AF21 /* SDWebImagePrefetcher.m */; };
		E108656C1E90AD6200B2AF21 /* UIButton+WebCache.m in Sources */ = {isa = PBXBuildFile; fileRef = E10865431E90AD6200B2AF21 /* UIButton+WebCache.m */; };
		E108656D1E90AD6200B2AF21 /* UIImage+GIF.m in Sources */ = {isa = PBXBuildFile; fileRef = E10865451E90AD6200B2AF21 /* UIImage+GIF.m */; };
		E108656E1E90AD6200B2AF21 /* UIImage+MultiFormat.m in Sources */ = {isa = PBXBuildFile; fileRef = E10865471E90AD6200B2AF21 /* UIImage+MultiFormat.m */; };
		E108656F1E90AD6200B2AF21 /* UIImage+WebP.m in Sources */ = {isa = PBXBuildFile; fileRef = E10865491E90AD6200B2AF21 /* UIImage+WebP.m */; };
		E10865701E90AD6200B2AF21 /* UIImageView+HighlightedWebCache.m in Sources */ = {isa = PBXBuildFile; fileRef = E108654B1E90AD6200B2AF21 /* UIImageView+HighlightedWebCache.m */; };
		E10865711E90AD6200B2AF21 /* UIImageView+WebCache.m in Sources */ = {isa = PBXBuildFile; fileRef = E108654D1E90AD6200B2AF21 /* UIImageView+WebCache.m */; };
		E10865721E90AD6200B2AF21 /* UIView+WebCacheOperation.m in Sources */ = {isa = PBXBuildFile; fileRef = E108654F1E90AD6200B2AF21 /* UIView+WebCacheOperation.m */; };
		E10865741E90AD6F00B2AF21 /* 1.plist in Resources */ = {isa = PBXBuildFile; fileRef = E10865731E90AD6F00B2AF21 /* 1.plist */; };
		E10865781E90AD9500B2AF21 /* HMShop.m in Sources */ = {isa = PBXBuildFile; fileRef = E10865771E90AD9500B2AF21 /* HMShop.m */; };
		E1D36A211E86687C0084B97B /* main.m in Sources */ = {isa = PBXBuildFile; fileRef = E1D36A201E86687C0084B97B /* main.m */; };
		E1D36A241E86687C0084B97B /* AppDelegate.m in Sources */ = {isa = PBXBuildFile; fileRef = E1D36A231E86687C0084B97B /* AppDelegate.m */; };
		E1D36A271E86687C0084B97B /* ViewController.m in Sources */ = {isa = PBXBuildFile; fileRef = E1D36A261E86687C0084B97B /* ViewController.m */; };
		E1D36A2A1E86687C0084B97B /* Main.storyboard in Resources */ = {isa = PBXBuildFile; fileRef = E1D36A281E86687C0084B97B /* Main.storyboard */; };
		E1D36A2C1E86687C0084B97B /* Assets.xcassets in Resources */ = {isa = PBXBuildFile; fileRef = E1D36A2B1E86687C0084B97B /* Assets.xcassets */; };
		E1D36A2F1E86687C0084B97B /* LaunchScreen.storyboard in Resources */ = {isa = PBXBuildFile; fileRef = E1D36A2D1E86687C0084B97B /* LaunchScreen.storyboard */; };
		E1D36A731E86690B0084B97B /* 1.jpg in Resources */ = {isa = PBXBuildFile; fileRef = E1D36A381E86690A0084B97B /* 1.jpg */; };
		E1D36A741E86690B0084B97B /* Contents.json in Resources */ = {isa = PBXBuildFile; fileRef = E1D36A391E86690A0084B97B /* Contents.json */; };
		E1D36A751E86690B0084B97B /* 10.jpg in Resources */ = {isa = PBXBuildFile; fileRef = E1D36A3B1E86690A0084B97B /* 10.jpg */; };
		E1D36A761E86690B0084B97B /* Contents.json in Resources */ = {isa = PBXBuildFile; fileRef = E1D36A3C1E86690A0084B97B /* Contents.json */; };
		E1D36A771E86690B0084B97B /* 11.jpg in Resources */ = {isa = PBXBuildFile; fileRef = E1D36A3E1E86690A0084B97B /* 11.jpg */; };
		E1D36A781E86690B0084B97B /* Contents.json in Resources */ = {isa = PBXBuildFile; fileRef = E1D36A3F1E86690A0084B97B /* Contents.json */; };
		E1D36A791E86690B0084B97B /* 12.jpg in Resources */ = {isa = PBXBuildFile; fileRef = E1D36A411E86690A0084B97B /* 12.jpg */; };
		E1D36A7A1E86690B0084B97B /* Contents.json in Resources */ = {isa = PBXBuildFile; fileRef = E1D36A421E86690A0084B97B /* Contents.json */; };
		E1D36A7B1E86690B0084B97B /* 13.jpg in Resources */ = {isa = PBXBuildFile; fileRef = E1D36A441E86690A0084B97B /* 13.jpg */; };
		E1D36A7C1E86690B0084B97B /* Contents.json in Resources */ = {isa = PBXBuildFile; fileRef = E1D36A451E86690A0084B97B /* Contents.json */; };
		E1D36A7D1E86690B0084B97B /* 14.jpg in Resources */ = {isa = PBXBuildFile; fileRef = E1D36A471E86690A0084B97B /* 14.jpg */; };
		E1D36A7E1E86690B0084B97B /* Contents.json in Resources */ = {isa = PBXBuildFile; fileRef = E1D36A481E86690A0084B97B /* Contents.json */; };
		E1D36A7F1E86690B0084B97B /* 15.jpg in Resources */ = {isa = PBXBuildFile; fileRef = E1D36A4A1E86690A0084B97B /* 15.jpg */; };
		E1D36A801E86690B0084B97B /* Contents.json in Resources */ = {isa = PBXBuildFile; fileRef = E1D36A4B1E86690A0084B97B /* Contents.json */; };
		E1D36A811E86690B0084B97B /* 16.jpg in Resources */ = {isa = PBXBuildFile; fileRef = E1D36A4D1E86690B0084B97B /* 16.jpg */; };
		E1D36A821E86690B0084B97B /* Contents.json in Resources */ = {isa = PBXBuildFile; fileRef = E1D36A4E1E86690B0084B97B /* Contents.json */; };
		E1D36A831E86690B0084B97B /* 17.jpg in Resources */ = {isa = PBXBuildFile; fileRef = E1D36A501E86690B0084B97B /* 17.jpg */; };
		E1D36A841E86690B0084B97B /* Contents.json in Resources */ = {isa = PBXBuildFile; fileRef = E1D36A511E86690B0084B97B /* Contents.json */; };
		E1D36A851E86690B0084B97B /* 18.jpg in Resources */ = {isa = PBXBuildFile; fileRef = E1D36A531E86690B0084B97B /* 18.jpg */; };
		E1D36A861E86690B0084B97B /* Contents.json in Resources */ = {isa = PBXBuildFile; fileRef = E1D36A541E86690B0084B97B /* Contents.json */; };
		E1D36A871E86690B0084B97B /* 19.jpg in Resources */ = {isa = PBXBuildFile; fileRef = E1D36A561E86690B0084B97B /* 19.jpg */; };
		E1D36A881E86690B0084B97B /* Contents.json in Resources */ = {isa = PBXBuildFile; fileRef = E1D36A571E86690B0084B97B /* Contents.json */; };
		E1D36A891E86690B0084B97B /* 2.jpg in Resources */ = {isa = PBXBuildFile; fileRef = E1D36A591E86690B0084B97B /* 2.jpg */; };
		E1D36A8A1E86690B0084B97B /* Contents.json in Resources */ = {isa = PBXBuildFile; fileRef = E1D36A5A1E86690B0084B97B /* Contents.json */; };
		E1D36A8B1E86690B0084B97B /* 20.jpg in Resources */ = {isa = PBXBuildFile; fileRef = E1D36A5C1E86690B0084B97B /* 20.jpg */; };
		E1D36A8C1E86690B0084B97B /* Contents.json in Resources */ = {isa = PBXBuildFile; fileRef = E1D36A5D1E86690B0084B97B /* Contents.json */; };
		E1D36A8D1E86690B0084B97B /* 3.jpg in Resources */ = {isa = PBXBuildFile; fileRef = E1D36A5F1E86690B0084B97B /* 3.jpg */; };
		E1D36A8E1E86690B0084B97B /* Contents.json in Resources */ = {isa = PBXBuildFile; fileRef = E1D36A601E86690B0084B97B /* Contents.json */; };
		E1D36A8F1E86690B0084B97B /* 4.jpg in Resources */ = {isa = PBXBuildFile; fileRef = E1D36A621E86690B0084B97B /* 4.jpg */; };
		E1D36A901E86690B0084B97B /* Contents.json in Resources */ = {isa = PBXBuildFile; fileRef = E1D36A631E86690B0084B97B /* Contents.json */; };
		E1D36A911E86690B0084B97B /* 5.jpg in Resources */ = {isa = PBXBuildFile; fileRef = E1D36A651E86690B0084B97B /* 5.jpg */; };
		E1D36A921E86690B0084B97B /* Contents.json in Resources */ = {isa = PBXBuildFile; fileRef = E1D36A661E86690B0084B97B /* Contents.json */; };
		E1D36A931E86690B0084B97B /* 6.jpg in Resources */ = {isa = PBXBuildFile; fileRef = E1D36A681E86690B0084B97B /* 6.jpg */; };
		E1D36A941E86690B0084B97B /* Contents.json in Resources */ = {isa = PBXBuildFile; fileRef = E1D36A691E86690B0084B97B /* Contents.json */; };
		E1D36A951E86690B0084B97B /* 7.jpg in Resources */ = {isa = PBXBuildFile; fileRef = E1D36A6B1E86690B0084B97B /* 7.jpg */; };
		E1D36A961E86690B0084B97B /* Contents.json in Resources */ = {isa = PBXBuildFile; fileRef = E1D36A6C1E86690B0084B97B /* Contents.json */; };
		E1D36A971E86690B0084B97B /* 8.jpg in Resources */ = {isa = PBXBuildFile; fileRef = E1D36A6E1E86690B0084B97B /* 8.jpg */; };
		E1D36A981E86690B0084B97B /* Contents.json in Resources */ = {isa = PBXBuildFile; fileRef = E1D36A6F1E86690B0084B97B /* Contents.json */; };
		E1D36A991E86690B0084B97B /* 9.jpg in Resources */ = {isa = PBXBuildFile; fileRef = E1D36A711E86690B0084B97B /* 9.jpg */; };
		E1D36A9A1E86690B0084B97B /* Contents.json in Resources */ = {isa = PBXBuildFile; fileRef = E1D36A721E86690B0084B97B /* Contents.json */; };
		E1D36A9F1E8670690084B97B /* KNCollectionViewCell.m in Sources */ = {isa = PBXBuildFile; fileRef = E1D36A9D1E8670690084B97B /* KNCollectionViewCell.m */; };
		E1D36AA01E8670690084B97B /* KNCollectionViewCell.xib in Resources */ = {isa = PBXBuildFile; fileRef = E1D36A9E1E8670690084B97B /* KNCollectionViewCell.xib */; };
		E1D36AA41E86791D0084B97B /* KNCollectionViewLineFlowLayout.m in Sources */ = {isa = PBXBuildFile; fileRef = E1D36AA31E86791D0084B97B /* KNCollectionViewLineFlowLayout.m */; };
/* End PBXBuildFile section */

/* Begin PBXFileReference section */
		E10864F11E90893A00B2AF21 /* KNStackCollectionViewLayout.h */ = {isa = PBXFileReference; fileEncoding = 4; lastKnownFileType = sourcecode.c.h; path = KNStackCollectionViewLayout.h; sourceTree = "<group>"; };
		E10864F21E90893A00B2AF21 /* KNStackCollectionViewLayout.m */ = {isa = PBXFileReference; fileEncoding = 4; lastKnownFileType = sourcecode.c.objc; path = KNStackCollectionViewLayout.m; sourceTree = "<group>"; };
		E10864F41E9099D900B2AF21 /* KNCircleCollectionViewLayout.h */ = {isa = PBXFileReference; fileEncoding = 4; lastKnownFileType = sourcecode.c.h; path = KNCircleCollectionViewLayout.h; sourceTree = "<group>"; };
		E10864F51E9099D900B2AF21 /* KNCircleCollectionViewLayout.m */ = {isa = PBXFileReference; fileEncoding = 4; lastKnownFileType = sourcecode.c.objc; path = KNCircleCollectionViewLayout.m; sourceTree = "<group>"; };
		E10864F71E90A90D00B2AF21 /* KNWaterFlowLayout.h */ = {isa = PBXFileReference; fileEncoding = 4; lastKnownFileType = sourcecode.c.h; path = KNWaterFlowLayout.h; sourceTree = "<group>"; };
		E10864F81E90A90D00B2AF21 /* KNWaterFlowLayout.m */ = {isa = PBXFileReference; fileEncoding = 4; lastKnownFileType = sourcecode.c.objc; path = KNWaterFlowLayout.m; sourceTree = "<group>"; };
		E10864FA1E90A9AB00B2AF21 /* KNWaterViewController.h */ = {isa = PBXFileReference; fileEncoding = 4; lastKnownFileType = sourcecode.c.h; path = KNWaterViewController.h; sourceTree = "<group>"; };
		E10864FB1E90A9AB00B2AF21 /* KNWaterViewController.m */ = {isa = PBXFileReference; fileEncoding = 4; lastKnownFileType = sourcecode.c.objc; path = KNWaterViewController.m; sourceTree = "<group>"; };
		E10864FF1E90AB7F00B2AF21 /* KNShopCollectionViewCell.h */ = {isa = PBXFileReference; fileEncoding = 4; lastKnownFileType = sourcecode.c.h; path = KNShopCollectionViewCell.h; sourceTree = "<group>"; };
		E10865001E90AB7F00B2AF21 /* KNShopCollectionViewCell.m */ = {isa = PBXFileReference; fileEncoding = 4; lastKnownFileType = sourcecode.c.objc; path = KNShopCollectionViewCell.m; sourceTree = "<group>"; };
		E10865011E90AB7F00B2AF21 /* KNShopCollectionViewCell.xib */ = {isa = PBXFileReference; fileEncoding = 4; lastKnownFileType = file.xib; path = KNShopCollectionViewCell.xib; sourceTree = "<group>"; };
		E10865061E90AD6200B2AF21 /* MJArgument.h */ = {isa = PBXFileReference; fileEncoding = 4; lastKnownFileType = sourcecode.c.h; path = MJArgument.h; sourceTree = "<group>"; };
		E10865071E90AD6200B2AF21 /* MJArgument.m */ = {isa = PBXFileReference; fileEncoding = 4; lastKnownFileType = sourcecode.c.objc; path = MJArgument.m; sourceTree = "<group>"; };
		E10865081E90AD6200B2AF21 /* MJConst.h */ = {isa = PBXFileReference; fileEncoding = 4; lastKnownFileType = sourcecode.c.h; path = MJConst.h; sourceTree = "<group>"; };
		E10865091E90AD6200B2AF21 /* MJConst.m */ = {isa = PBXFileReference; fileEncoding = 4; lastKnownFileType = sourcecode.c.objc; path = MJConst.m; sourceTree = "<group>"; };
		E108650A1E90AD6200B2AF21 /* MJExtension.h */ = {isa = PBXFileReference; fileEncoding = 4; lastKnownFileType = sourcecode.c.h; path = MJExtension.h; sourceTree = "<group>"; };
		E108650B1E90AD6200B2AF21 /* MJFoundation.h */ = {isa = PBXFileReference; fileEncoding = 4; lastKnownFileType = sourcecode.c.h; path = MJFoundation.h; sourceTree = "<group>"; };
		E108650C1E90AD6200B2AF21 /* MJFoundation.m */ = {isa = PBXFileReference; fileEncoding = 4; lastKnownFileType = sourcecode.c.objc; path = MJFoundation.m; sourceTree = "<group>"; };
		E108650D1E90AD6200B2AF21 /* MJIvar.h */ = {isa = PBXFileReference; fileEncoding = 4; lastKnownFileType = sourcecode.c.h; path = MJIvar.h; sourceTree = "<group>"; };
		E108650E1E90AD6200B2AF21 /* MJIvar.m */ = {isa = PBXFileReference; fileEncoding = 4; lastKnownFileType = sourcecode.c.objc; path = MJIvar.m; sourceTree = "<group>"; };
		E108650F1E90AD6200B2AF21 /* MJMember.h */ = {isa = PBXFileReference; fileEncoding = 4; lastKnownFileType = sourcecode.c.h; path = MJMember.h; sourceTree = "<group>"; };
		E10865101E90AD6200B2AF21 /* MJMember.m */ = {isa = PBXFileReference; fileEncoding = 4; lastKnownFileType = sourcecode.c.objc; path = MJMember.m; sourceTree = "<group>"; };
		E10865111E90AD6200B2AF21 /* MJMethod.h */ = {isa = PBXFileReference; fileEncoding = 4; lastKnownFileType = sourcecode.c.h; path = MJMethod.h; sourceTree = "<group>"; };
		E10865121E90AD6200B2AF21 /* MJMethod.m */ = {isa = PBXFileReference; fileEncoding = 4; lastKnownFileType = sourcecode.c.objc; path = MJMethod.m; sourceTree = "<group>"; };
		E10865131E90AD6200B2AF21 /* MJType.h */ = {isa = PBXFileReference; fileEncoding = 4; lastKnownFileType = sourcecode.c.h; path = MJType.h; sourceTree = "<group>"; };
		E10865141E90AD6200B2AF21 /* MJType.m */ = {isa = PBXFileReference; fileEncoding = 4; lastKnownFileType = sourcecode.c.objc; path = MJType.m; sourceTree = "<group>"; };
		E10865151E90AD6200B2AF21 /* MJTypeEncoding.h */ = {isa = PBXFileReference; fileEncoding = 4; lastKnownFileType = sourcecode.c.h; path = MJTypeEncoding.h; sourceTree = "<group>"; };
		E10865161E90AD6200B2AF21 /* MJTypeEncoding.m */ = {isa = PBXFileReference; fileEncoding = 4; lastKnownFileType = sourcecode.c.objc; path = MJTypeEncoding.m; sourceTree = "<group>"; };
		E10865171E90AD6200B2AF21 /* NSObject+MJCoding.h */ = {isa = PBXFileReference; fileEncoding = 4; lastKnownFileType = sourcecode.c.h; path = "NSObject+MJCoding.h"; sourceTree = "<group>"; };
		E10865181E90AD6200B2AF21 /* NSObject+MJCoding.m */ = {isa = PBXFileReference; fileEncoding = 4; lastKnownFileType = sourcecode.c.objc; path = "NSObject+MJCoding.m"; sourceTree = "<group>"; };
		E10865191E90AD6200B2AF21 /* NSObject+MJKeyValue.h */ = {isa = PBXFileReference; fileEncoding = 4; lastKnownFileType = sourcecode.c.h; path = "NSObject+MJKeyValue.h"; sourceTree = "<group>"; };
		E108651A1E90AD6200B2AF21 /* NSObject+MJKeyValue.m */ = {isa = PBXFileReference; fileEncoding = 4; lastKnownFileType = sourcecode.c.objc; path = "NSObject+MJKeyValue.m"; sourceTree = "<group>"; };
		E108651B1E90AD6200B2AF21 /* NSObject+MJMember.h */ = {isa = PBXFileReference; fileEncoding = 4; lastKnownFileType = sourcecode.c.h; path = "NSObject+MJMember.h"; sourceTree = "<group>"; };
		E108651C1E90AD6200B2AF21 /* NSObject+MJMember.m */ = {isa = PBXFileReference; fileEncoding = 4; lastKnownFileType = sourcecode.c.objc; path = "NSObject+MJMember.m"; sourceTree = "<group>"; };
		E108651E1E90AD6200B2AF21 /* MJRefresh.bundle */ = {isa = PBXFileReference; lastKnownFileType = "wrapper.plug-in"; path = MJRefresh.bundle; sourceTree = "<group>"; };
		E108651F1E90AD6200B2AF21 /* MJRefresh.h */ = {isa = PBXFileReference; fileEncoding = 4; lastKnownFileType = sourcecode.c.h; path = MJRefresh.h; sourceTree = "<group>"; };
		E10865201E90AD6200B2AF21 /* MJRefreshBaseView.h */ = {isa = PBXFileReference; fileEncoding = 4; lastKnownFileType = sourcecode.c.h; path = MJRefreshBaseView.h; sourceTree = "<group>"; };
		E10865211E90AD6200B2AF21 /* MJRefreshBaseView.m */ = {isa = PBXFileReference; fileEncoding = 4; lastKnownFileType = sourcecode.c.objc; path = MJRefreshBaseView.m; sourceTree = "<group>"; };
		E10865221E90AD6200B2AF21 /* MJRefreshConst.h */ = {isa = PBXFileReference; fileEncoding = 4; lastKnownFileType = sourcecode.c.h; path = MJRefreshConst.h; sourceTree = "<group>"; };
		E10865231E90AD6200B2AF21 /* MJRefreshConst.m */ = {isa = PBXFileReference; fileEncoding = 4; lastKnownFileType = sourcecode.c.objc; path = MJRefreshConst.m; sourceTree = "<group>"; };
		E10865241E90AD6200B2AF21 /* MJRefreshFooterView.h */ = {isa = PBXFileReference; fileEncoding = 4; lastKnownFileType = sourcecode.c.h; path = MJRefreshFooterView.h; sourceTree = "<group>"; };
		E10865251E90AD6200B2AF21 /* MJRefreshFooterView.m */ = {isa = PBXFileReference; fileEncoding = 4; lastKnownFileType = sourcecode.c.objc; path = MJRefreshFooterView.m; sourceTree = "<group>"; };
		E10865261E90AD6200B2AF21 /* MJRefreshHeaderView.h */ = {isa = PBXFileReference; fileEncoding = 4; lastKnownFileType = sourcecode.c.h; path = MJRefreshHeaderView.h; sourceTree = "<group>"; };
		E10865271E90AD6200B2AF21 /* MJRefreshHeaderView.m */ = {isa = PBXFileReference; fileEncoding = 4; lastKnownFileType = sourcecode.c.objc; path = MJRefreshHeaderView.m; sourceTree = "<group>"; };
		E10865281E90AD6200B2AF21 /* UIScrollView+MJExtension.h */ = {isa = PBXFileReference; fileEncoding = 4; lastKnownFileType = sourcecode.c.h; path = "UIScrollView+MJExtension.h"; sourceTree = "<group>"; };
		E10865291E90AD6200B2AF21 /* UIScrollView+MJExtension.m */ = {isa = PBXFileReference; fileEncoding = 4; lastKnownFileType = sourcecode.c.objc; path = "UIScrollView+MJExtension.m"; sourceTree = "<group>"; };
		E108652A1E90AD6200B2AF21 /* UIScrollView+MJRefresh.h */ = {isa = PBXFileReference; fileEncoding = 4; lastKnownFileType = sourcecode.c.h; path = "UIScrollView+MJRefresh.h"; sourceTree = "<group>"; };
		E108652B1E90AD6200B2AF21 /* UIScrollView+MJRefresh.m */ = {isa = PBXFileReference; fileEncoding = 4; lastKnownFileType = sourcecode.c.objc; path = "UIScrollView+MJRefresh.m"; sourceTree = "<group>"; };
		E108652C1E90AD6200B2AF21 /* UIView+MJExtension.h */ = {isa = PBXFileReference; fileEncoding = 4; lastKnownFileType = sourcecode.c.h; path = "UIView+MJExtension.h"; sourceTree = "<group>"; };
		E108652D1E90AD6200B2AF21 /* UIView+MJExtension.m */ = {isa = PBXFileReference; fileEncoding = 4; lastKnownFileType = sourcecode.c.objc; path = "UIView+MJExtension.m"; sourceTree = "<group>"; };
		E108652F1E90AD6200B2AF21 /* MKAnnotationView+WebCache.h */ = {isa = PBXFileReference; fileEncoding = 4; lastKnownFileType = sourcecode.c.h; path = "MKAnnotationView+WebCache.h"; sourceTree = "<group>"; };
		E10865301E90AD6200B2AF21 /* MKAnnotationView+WebCache.m */ = {isa = PBXFileReference; fileEncoding = 4; lastKnownFileType = sourcecode.c.objc; path = "MKAnnotationView+WebCache.m"; sourceTree = "<group>"; };
		E10865311E90AD6200B2AF21 /* NSData+ImageContentType.h */ = {isa = PBXFileReference; fileEncoding = 4; lastKnownFileType = sourcecode.c.h; path = "NSData+ImageContentType.h"; sourceTree = "<group>"; };
		E10865321E90AD6200B2AF21 /* NSData+ImageContentType.m */ = {isa = PBXFileReference; fileEncoding = 4; lastKnownFileType = sourcecode.c.objc; path = "NSData+ImageContentType.m"; sourceTree = "<group>"; };
		E10865331E90AD6200B2AF21 /* SDImageCache.h */ = {isa = PBXFileReference; fileEncoding = 4; lastKnownFileType = sourcecode.c.h; path = SDImageCache.h; sourceTree = "<group>"; };
		E10865341E90AD6200B2AF21 /* SDImageCache.m */ = {isa = PBXFileReference; fileEncoding = 4; lastKnownFileType = sourcecode.c.objc; path = SDImageCache.m; sourceTree = "<group>"; };
		E10865351E90AD6200B2AF21 /* SDWebImageCompat.h */ = {isa = PBXFileReference; fileEncoding = 4; lastKnownFileType = sourcecode.c.h; path = SDWebImageCompat.h; sourceTree = "<group>"; };
		E10865361E90AD6200B2AF21 /* SDWebImageCompat.m */ = {isa = PBXFileReference; fileEncoding = 4; lastKnownFileType = sourcecode.c.objc; path = SDWebImageCompat.m; sourceTree = "<group>"; };
		E10865371E90AD6200B2AF21 /* SDWebImageDecoder.h */ = {isa = PBXFileReference; fileEncoding = 4; lastKnownFileType = sourcecode.c.h; path = SDWebImageDecoder.h; sourceTree = "<group>"; };
		E10865381E90AD6200B2AF21 /* SDWebImageDecoder.m */ = {isa = PBXFileReference; fileEncoding = 4; lastKnownFileType = sourcecode.c.objc; path = SDWebImageDecoder.m; sourceTree = "<group>"; };
		E10865391E90AD6200B2AF21 /* SDWebImageDownloader.h */ = {isa = PBXFileReference; fileEncoding = 4; lastKnownFileType = sourcecode.c.h; path = SDWebImageDownloader.h; sourceTree = "<group>"; };
		E108653A1E90AD6200B2AF21 /* SDWebImageDownloader.m */ = {isa = PBXFileReference; fileEncoding = 4; lastKnownFileType = sourcecode.c.objc; path = SDWebImageDownloader.m; sourceTree = "<group>"; };
		E108653B1E90AD6200B2AF21 /* SDWebImageDownloaderOperation.h */ = {isa = PBXFileReference; fileEncoding = 4; lastKnownFileType = sourcecode.c.h; path = SDWebImageDownloaderOperation.h; sourceTree = "<group>"; };
		E108653C1E90AD6200B2AF21 /* SDWebImageDownloaderOperation.m */ = {isa = PBXFileReference; fileEncoding = 4; lastKnownFileType = sourcecode.c.objc; path = SDWebImageDownloaderOperation.m; sourceTree = "<group>"; };
		E108653D1E90AD6200B2AF21 /* SDWebImageManager.h */ = {isa = PBXFileReference; fileEncoding = 4; lastKnownFileType = sourcecode.c.h; path = SDWebImageManager.h; sourceTree = "<group>"; };
		E108653E1E90AD6200B2AF21 /* SDWebImageManager.m */ = {isa = PBXFileReference; fileEncoding = 4; lastKnownFileType = sourcecode.c.objc; path = SDWebImageManager.m; sourceTree = "<group>"; };
		E108653F1E90AD6200B2AF21 /* SDWebImageOperation.h */ = {isa = PBXFileReference; fileEncoding = 4; lastKnownFileType = sourcecode.c.h; path = SDWebImageOperation.h; sourceTree = "<group>"; };
		E10865401E90AD6200B2AF21 /* SDWebImagePrefetcher.h */ = {isa = PBXFileReference; fileEncoding = 4; lastKnownFileType = sourcecode.c.h; path = SDWebImagePrefetcher.h; sourceTree = "<group>"; };
		E10865411E90AD6200B2AF21 /* SDWebImagePrefetcher.m */ = {isa = PBXFileReference; fileEncoding = 4; lastKnownFileType = sourcecode.c.objc; path = SDWebImagePrefetcher.m; sourceTree = "<group>"; };
		E10865421E90AD6200B2AF21 /* UIButton+WebCache.h */ = {isa = PBXFileReference; fileEncoding = 4; lastKnownFileType = sourcecode.c.h; path = "UIButton+WebCache.h"; sourceTree = "<group>"; };
		E10865431E90AD6200B2AF21 /* UIButton+WebCache.m */ = {isa = PBXFileReference; fileEncoding = 4; lastKnownFileType = sourcecode.c.objc; path = "UIButton+WebCache.m"; sourceTree = "<group>"; };
		E10865441E90AD6200B2AF21 /* UIImage+GIF.h */ = {isa = PBXFileReference; fileEncoding = 4; lastKnownFileType = sourcecode.c.h; path = "UIImage+GIF.h"; sourceTree = "<group>"; };
		E10865451E90AD6200B2AF21 /* UIImage+GIF.m */ = {isa = PBXFileReference; fileEncoding = 4; lastKnownFileType = sourcecode.c.objc; path = "UIImage+GIF.m"; sourceTree = "<group>"; };
		E10865461E90AD6200B2AF21 /* UIImage+MultiFormat.h */ = {isa = PBXFileReference; fileEncoding = 4; lastKnownFileType = sourcecode.c.h; path = "UIImage+MultiFormat.h"; sourceTree = "<group>"; };
		E10865471E90AD6200B2AF21 /* UIImage+MultiFormat.m */ = {isa = PBXFileReference; fileEncoding = 4; lastKnownFileType = sourcecode.c.objc; path = "UIImage+MultiFormat.m"; sourceTree = "<group>"; };
		E10865481E90AD6200B2AF21 /* UIImage+WebP.h */ = {isa = PBXFileReference; fileEncoding = 4; lastKnownFileType = sourcecode.c.h; path = "UIImage+WebP.h"; sourceTree = "<group>"; };
		E10865491E90AD6200B2AF21 /* UIImage+WebP.m */ = {isa = PBXFileReference; fileEncoding = 4; lastKnownFileType = sourcecode.c.objc; path = "UIImage+WebP.m"; sourceTree = "<group>"; };
		E108654A1E90AD6200B2AF21 /* UIImageView+HighlightedWebCache.h */ = {isa = PBXFileReference; fileEncoding = 4; lastKnownFileType = sourcecode.c.h; path = "UIImageView+HighlightedWebCache.h"; sourceTree = "<group>"; };
		E108654B1E90AD6200B2AF21 /* UIImageView+HighlightedWebCache.m */ = {isa = PBXFileReference; fileEncoding = 4; lastKnownFileType = sourcecode.c.objc; path = "UIImageView+HighlightedWebCache.m"; sourceTree = "<group>"; };
		E108654C1E90AD6200B2AF21 /* UIImageView+WebCache.h */ = {isa = PBXFileReference; fileEncoding = 4; lastKnownFileType = sourcecode.c.h; path = "UIImageView+WebCache.h"; sourceTree = "<group>"; };
		E108654D1E90AD6200B2AF21 /* UIImageView+WebCache.m */ = {isa = PBXFileReference; fileEncoding = 4; lastKnownFileType = sourcecode.c.objc; path = "UIImageView+WebCache.m"; sourceTree = "<group>"; };
		E108654E1E90AD6200B2AF21 /* UIView+WebCacheOperation.h */ = {isa = PBXFileReference; fileEncoding = 4; lastKnownFileType = sourcecode.c.h; path = "UIView+WebCacheOperation.h"; sourceTree = "<group>"; };
		E108654F1E90AD6200B2AF21 /* UIView+WebCacheOperation.m */ = {isa = PBXFileReference; fileEncoding = 4; lastKnownFileType = sourcecode.c.objc; path = "UIView+WebCacheOperation.m"; sourceTree = "<group>"; };
		E10865731E90AD6F00B2AF21 /* 1.plist */ = {isa = PBXFileReference; fileEncoding = 4; lastKnownFileType = text.plist.xml; path = 1.plist; sourceTree = "<group>"; };
		E10865761E90AD9500B2AF21 /* HMShop.h */ = {isa = PBXFileReference; fileEncoding = 4; lastKnownFileType = sourcecode.c.h; path = HMShop.h; sourceTree = "<group>"; };
		E10865771E90AD9500B2AF21 /* HMShop.m */ = {isa = PBXFileReference; fileEncoding = 4; lastKnownFileType = sourcecode.c.objc; path = HMShop.m; sourceTree = "<group>"; };
		E1D36A1C1E86687C0084B97B /* KNCustomUICollectionViewFlowLayout.app */ = {isa = PBXFileReference; explicitFileType = wrapper.application; includeInIndex = 0; path = KNCustomUICollectionViewFlowLayout.app; sourceTree = BUILT_PRODUCTS_DIR; };
		E1D36A201E86687C0084B97B /* main.m */ = {isa = PBXFileReference; lastKnownFileType = sourcecode.c.objc; path = main.m; sourceTree = "<group>"; };
		E1D36A221E86687C0084B97B /* AppDelegate.h */ = {isa = PBXFileReference; lastKnownFileType = sourcecode.c.h; path = AppDelegate.h; sourceTree = "<group>"; };
		E1D36A231E86687C0084B97B /* AppDelegate.m */ = {isa = PBXFileReference; lastKnownFileType = sourcecode.c.objc; path = AppDelegate.m; sourceTree = "<group>"; };
		E1D36A251E86687C0084B97B /* ViewController.h */ = {isa = PBXFileReference; lastKnownFileType = sourcecode.c.h; path = ViewController.h; sourceTree = "<group>"; };
		E1D36A261E86687C0084B97B /* ViewController.m */ = {isa = PBXFileReference; lastKnownFileType = sourcecode.c.objc; path = ViewController.m; sourceTree = "<group>"; };
		E1D36A291E86687C0084B97B /* Base */ = {isa = PBXFileReference; lastKnownFileType = file.storyboard; name = Base; path = Base.lproj/Main.storyboard; sourceTree = "<group>"; };
		E1D36A2B1E86687C0084B97B /* Assets.xcassets */ = {isa = PBXFileReference; lastKnownFileType = folder.assetcatalog; path = Assets.xcassets; sourceTree = "<group>"; };
		E1D36A2E1E86687C0084B97B /* Base */ = {isa = PBXFileReference; lastKnownFileType = file.storyboard; name = Base; path = Base.lproj/LaunchScreen.storyboard; sourceTree = "<group>"; };
		E1D36A301E86687C0084B97B /* Info.plist */ = {isa = PBXFileReference; lastKnownFileType = text.plist.xml; path = Info.plist; sourceTree = "<group>"; };
		E1D36A381E86690A0084B97B /* 1.jpg */ = {isa = PBXFileReference; lastKnownFileType = image.jpeg; path = 1.jpg; sourceTree = "<group>"; };
		E1D36A391E86690A0084B97B /* Contents.json */ = {isa = PBXFileReference; fileEncoding = 4; lastKnownFileType = text.json; path = Contents.json; sourceTree = "<group>"; };
		E1D36A3B1E86690A0084B97B /* 10.jpg */ = {isa = PBXFileReference; lastKnownFileType = image.jpeg; path = 10.jpg; sourceTree = "<group>"; };
		E1D36A3C1E86690A0084B97B /* Contents.json */ = {isa = PBXFileReference; fileEncoding = 4; lastKnownFileType = text.json; path = Contents.json; sourceTree = "<group>"; };
		E1D36A3E1E86690A0084B97B /* 11.jpg */ = {isa = PBXFileReference; lastKnownFileType = image.jpeg; path = 11.jpg; sourceTree = "<group>"; };
		E1D36A3F1E86690A0084B97B /* Contents.json */ = {isa = PBXFileReference; fileEncoding = 4; lastKnownFileType = text.json; path = Contents.json; sourceTree = "<group>"; };
		E1D36A411E86690A0084B97B /* 12.jpg */ = {isa = PBXFileReference; lastKnownFileType = image.jpeg; path = 12.jpg; sourceTree = "<group>"; };
		E1D36A421E86690A0084B97B /* Contents.json */ = {isa = PBXFileReference; fileEncoding = 4; lastKnownFileType = text.json; path = Contents.json; sourceTree = "<group>"; };
		E1D36A441E86690A0084B97B /* 13.jpg */ = {isa = PBXFileReference; lastKnownFileType = image.jpeg; path = 13.jpg; sourceTree = "<group>"; };
		E1D36A451E86690A0084B97B /* Contents.json */ = {isa = PBXFileReference; fileEncoding = 4; lastKnownFileType = text.json; path = Contents.json; sourceTree = "<group>"; };
		E1D36A471E86690A0084B97B /* 14.jpg */ = {isa = PBXFileReference; lastKnownFileType = image.jpeg; path = 14.jpg; sourceTree = "<group>"; };
		E1D36A481E86690A0084B97B /* Contents.json */ = {isa = PBXFileReference; fileEncoding = 4; lastKnownFileType = text.json; path = Contents.json; sourceTree = "<group>"; };
		E1D36A4A1E86690A0084B97B /* 15.jpg */ = {isa = PBXFileReference; lastKnownFileType = image.jpeg; path = 15.jpg; sourceTree = "<group>"; };
		E1D36A4B1E86690A0084B97B /* Contents.json */ = {isa = PBXFileReference; fileEncoding = 4; lastKnownFileType = text.json; path = Contents.json; sourceTree = "<group>"; };
		E1D36A4D1E86690B0084B97B /* 16.jpg */ = {isa = PBXFileReference; lastKnownFileType = image.jpeg; path = 16.jpg; sourceTree = "<group>"; };
		E1D36A4E1E86690B0084B97B /* Contents.json */ = {isa = PBXFileReference; fileEncoding = 4; lastKnownFileType = text.json; path = Contents.json; sourceTree = "<group>"; };
		E1D36A501E86690B0084B97B /* 17.jpg */ = {isa = PBXFileReference; lastKnownFileType = image.jpeg; path = 17.jpg; sourceTree = "<group>"; };
		E1D36A511E86690B0084B97B /* Contents.json */ = {isa = PBXFileReference; fileEncoding = 4; lastKnownFileType = text.json; path = Contents.json; sourceTree = "<group>"; };
		E1D36A531E86690B0084B97B /* 18.jpg */ = {isa = PBXFileReference; lastKnownFileType = image.jpeg; path = 18.jpg; sourceTree = "<group>"; };
		E1D36A541E86690B0084B97B /* Contents.json */ = {isa = PBXFileReference; fileEncoding = 4; lastKnownFileType = text.json; path = Contents.json; sourceTree = "<group>"; };
		E1D36A561E86690B0084B97B /* 19.jpg */ = {isa = PBXFileReference; lastKnownFileType = image.jpeg; path = 19.jpg; sourceTree = "<group>"; };
		E1D36A571E86690B0084B97B /* Contents.json */ = {isa = PBXFileReference; fileEncoding = 4; lastKnownFileType = text.json; path = Contents.json; sourceTree = "<group>"; };
		E1D36A591E86690B0084B97B /* 2.jpg */ = {isa = PBXFileReference; lastKnownFileType = image.jpeg; path = 2.jpg; sourceTree = "<group>"; };
		E1D36A5A1E86690B0084B97B /* Contents.json */ = {isa = PBXFileReference; fileEncoding = 4; lastKnownFileType = text.json; path = Contents.json; sourceTree = "<group>"; };
		E1D36A5C1E86690B0084B97B /* 20.jpg */ = {isa = PBXFileReference; lastKnownFileType = image.jpeg; path = 20.jpg; sourceTree = "<group>"; };
		E1D36A5D1E86690B0084B97B /* Contents.json */ = {isa = PBXFileReference; fileEncoding = 4; lastKnownFileType = text.json; path = Contents.json; sourceTree = "<group>"; };
		E1D36A5F1E86690B0084B97B /* 3.jpg */ = {isa = PBXFileReference; lastKnownFileType = image.jpeg; path = 3.jpg; sourceTree = "<group>"; };
		E1D36A601E86690B0084B97B /* Contents.json */ = {isa = PBXFileReference; fileEncoding = 4; lastKnownFileType = text.json; path = Contents.json; sourceTree = "<group>"; };
		E1D36A621E86690B0084B97B /* 4.jpg */ = {isa = PBXFileReference; lastKnownFileType = image.jpeg; path = 4.jpg; sourceTree = "<group>"; };
		E1D36A631E86690B0084B97B /* Contents.json */ = {isa = PBXFileReference; fileEncoding = 4; lastKnownFileType = text.json; path = Contents.json; sourceTree = "<group>"; };
		E1D36A651E86690B0084B97B /* 5.jpg */ = {isa = PBXFileReference; lastKnownFileType = image.jpeg; path = 5.jpg; sourceTree = "<group>"; };
		E1D36A661E86690B0084B97B /* Contents.json */ = {isa = PBXFileReference; fileEncoding = 4; lastKnownFileType = text.json; path = Contents.json; sourceTree = "<group>"; };
		E1D36A681E86690B0084B97B /* 6.jpg */ = {isa = PBXFileReference; lastKnownFileType = image.jpeg; path = 6.jpg; sourceTree = "<group>"; };
		E1D36A691E86690B0084B97B /* Contents.json */ = {isa = PBXFileReference; fileEncoding = 4; lastKnownFileType = text.json; path = Contents.json; sourceTree = "<group>"; };
		E1D36A6B1E86690B0084B97B /* 7.jpg */ = {isa = PBXFileReference; lastKnownFileType = image.jpeg; path = 7.jpg; sourceTree = "<group>"; };
		E1D36A6C1E86690B0084B97B /* Contents.json */ = {isa = PBXFileReference; fileEncoding = 4; lastKnownFileType = text.json; path = Contents.json; sourceTree = "<group>"; };
		E1D36A6E1E86690B0084B97B /* 8.jpg */ = {isa = PBXFileReference; lastKnownFileType = image.jpeg; path = 8.jpg; sourceTree = "<group>"; };
		E1D36A6F1E86690B0084B97B /* Contents.json */ = {isa = PBXFileReference; fileEncoding = 4; lastKnownFileType = text.json; path = Contents.json; sourceTree = "<group>"; };
		E1D36A711E86690B0084B97B /* 9.jpg */ = {isa = PBXFileReference; lastKnownFileType = image.jpeg; path = 9.jpg; sourceTree = "<group>"; };
		E1D36A721E86690B0084B97B /* Contents.json */ = {isa = PBXFileReference; fileEncoding = 4; lastKnownFileType = text.json; path = Contents.json; sourceTree = "<group>"; };
		E1D36A9C1E8670690084B97B /* KNCollectionViewCell.h */ = {isa = PBXFileReference; fileEncoding = 4; lastKnownFileType = sourcecode.c.h; path = KNCollectionViewCell.h; sourceTree = "<group>"; };
		E1D36A9D1E8670690084B97B /* KNCollectionViewCell.m */ = {isa = PBXFileReference; fileEncoding = 4; lastKnownFileType = sourcecode.c.objc; path = KNCollectionViewCell.m; sourceTree = "<group>"; };
		E1D36A9E1E8670690084B97B /* KNCollectionViewCell.xib */ = {isa = PBXFileReference; fileEncoding = 4; lastKnownFileType = file.xib; path = KNCollectionViewCell.xib; sourceTree = "<group>"; };
		E1D36AA21E86791D0084B97B /* KNCollectionViewLineFlowLayout.h */ = {isa = PBXFileReference; fileEncoding = 4; lastKnownFileType = sourcecode.c.h; path = KNCollectionViewLineFlowLayout.h; sourceTree = "<group>"; };
		E1D36AA31E86791D0084B97B /* KNCollectionViewLineFlowLayout.m */ = {isa = PBXFileReference; fileEncoding = 4; lastKnownFileType = sourcecode.c.objc; path = KNCollectionViewLineFlowLayout.m; sourceTree = "<group>"; };
/* End PBXFileReference section */

/* Begin PBXFrameworksBuildPhase section */
		E1D36A191E86687C0084B97B /* Frameworks */ = {
			isa = PBXFrameworksBuildPhase;
			buildActionMask = 2147483647;
			files = (
			);
			runOnlyForDeploymentPostprocessing = 0;
		};
/* End PBXFrameworksBuildPhase section */

/* Begin PBXGroup section */
		E10865041E90AD6200B2AF21 /* Lib */ = {
			isa = PBXGroup;
			children = (
				E10865051E90AD6200B2AF21 /* MJExtension */,
				E108651D1E90AD6200B2AF21 /* MJRefresh */,
				E108652E1E90AD6200B2AF21 /* SDWebImage */,
			);
			path = Lib;
			sourceTree = "<group>";
		};
		E10865051E90AD6200B2AF21 /* MJExtension */ = {
			isa = PBXGroup;
			children = (
				E10865061E90AD6200B2AF21 /* MJArgument.h */,
				E10865071E90AD6200B2AF21 /* MJArgument.m */,
				E10865081E90AD6200B2AF21 /* MJConst.h */,
				E10865091E90AD6200B2AF21 /* MJConst.m */,
				E108650A1E90AD6200B2AF21 /* MJExtension.h */,
				E108650B1E90AD6200B2AF21 /* MJFoundation.h */,
				E108650C1E90AD6200B2AF21 /* MJFoundation.m */,
				E108650D1E90AD6200B2AF21 /* MJIvar.h */,
				E108650E1E90AD6200B2AF21 /* MJIvar.m */,
				E108650F1E90AD6200B2AF21 /* MJMember.h */,
				E10865101E90AD6200B2AF21 /* MJMember.m */,
				E10865111E90AD6200B2AF21 /* MJMethod.h */,
				E10865121E90AD6200B2AF21 /* MJMethod.m */,
				E10865131E90AD6200B2AF21 /* MJType.h */,
				E10865141E90AD6200B2AF21 /* MJType.m */,
				E10865151E90AD6200B2AF21 /* MJTypeEncoding.h */,
				E10865161E90AD6200B2AF21 /* MJTypeEncoding.m */,
				E10865171E90AD6200B2AF21 /* NSObject+MJCoding.h */,
				E10865181E90AD6200B2AF21 /* NSObject+MJCoding.m */,
				E10865191E90AD6200B2AF21 /* NSObject+MJKeyValue.h */,
				E108651A1E90AD6200B2AF21 /* NSObject+MJKeyValue.m */,
				E108651B1E90AD6200B2AF21 /* NSObject+MJMember.h */,
				E108651C1E90AD6200B2AF21 /* NSObject+MJMember.m */,
			);
			path = MJExtension;
			sourceTree = "<group>";
		};
		E108651D1E90AD6200B2AF21 /* MJRefresh */ = {
			isa = PBXGroup;
			children = (
				E108651E1E90AD6200B2AF21 /* MJRefresh.bundle */,
				E108651F1E90AD6200B2AF21 /* MJRefresh.h */,
				E10865201E90AD6200B2AF21 /* MJRefreshBaseView.h */,
				E10865211E90AD6200B2AF21 /* MJRefreshBaseView.m */,
				E10865221E90AD6200B2AF21 /* MJRefreshConst.h */,
				E10865231E90AD6200B2AF21 /* MJRefreshConst.m */,
				E10865241E90AD6200B2AF21 /* MJRefreshFooterView.h */,
				E10865251E90AD6200B2AF21 /* MJRefreshFooterView.m */,
				E10865261E90AD6200B2AF21 /* MJRefreshHeaderView.h */,
				E10865271E90AD6200B2AF21 /* MJRefreshHeaderView.m */,
				E10865281E90AD6200B2AF21 /* UIScrollView+MJExtension.h */,
				E10865291E90AD6200B2AF21 /* UIScrollView+MJExtension.m */,
				E108652A1E90AD6200B2AF21 /* UIScrollView+MJRefresh.h */,
				E108652B1E90AD6200B2AF21 /* UIScrollView+MJRefresh.m */,
				E108652C1E90AD6200B2AF21 /* UIView+MJExtension.h */,
				E108652D1E90AD6200B2AF21 /* UIView+MJExtension.m */,
			);
			path = MJRefresh;
			sourceTree = "<group>";
		};
		E108652E1E90AD6200B2AF21 /* SDWebImage */ = {
			isa = PBXGroup;
			children = (
				E108652F1E90AD6200B2AF21 /* MKAnnotationView+WebCache.h */,
				E10865301E90AD6200B2AF21 /* MKAnnotationView+WebCache.m */,
				E10865311E90AD6200B2AF21 /* NSData+ImageContentType.h */,
				E10865321E90AD6200B2AF21 /* NSData+ImageContentType.m */,
				E10865331E90AD6200B2AF21 /* SDImageCache.h */,
				E10865341E90AD6200B2AF21 /* SDImageCache.m */,
				E10865351E90AD6200B2AF21 /* SDWebImageCompat.h */,
				E10865361E90AD6200B2AF21 /* SDWebImageCompat.m */,
				E10865371E90AD6200B2AF21 /* SDWebImageDecoder.h */,
				E10865381E90AD6200B2AF21 /* SDWebImageDecoder.m */,
				E10865391E90AD6200B2AF21 /* SDWebImageDownloader.h */,
				E108653A1E90AD6200B2AF21 /* SDWebImageDownloader.m */,
				E108653B1E90AD6200B2AF21 /* SDWebImageDownloaderOperation.h */,
				E108653C1E90AD6200B2AF21 /* SDWebImageDownloaderOperation.m */,
				E108653D1E90AD6200B2AF21 /* SDWebImageManager.h */,
				E108653E1E90AD6200B2AF21 /* SDWebImageManager.m */,
				E108653F1E90AD6200B2AF21 /* SDWebImageOperation.h */,
				E10865401E90AD6200B2AF21 /* SDWebImagePrefetcher.h */,
				E10865411E90AD6200B2AF21 /* SDWebImagePrefetcher.m */,
				E10865421E90AD6200B2AF21 /* UIButton+WebCache.h */,
				E10865431E90AD6200B2AF21 /* UIButton+WebCache.m */,
				E10865441E90AD6200B2AF21 /* UIImage+GIF.h */,
				E10865451E90AD6200B2AF21 /* UIImage+GIF.m */,
				E10865461E90AD6200B2AF21 /* UIImage+MultiFormat.h */,
				E10865471E90AD6200B2AF21 /* UIImage+MultiFormat.m */,
				E10865481E90AD6200B2AF21 /* UIImage+WebP.h */,
				E10865491E90AD6200B2AF21 /* UIImage+WebP.m */,
				E108654A1E90AD6200B2AF21 /* UIImageView+HighlightedWebCache.h */,
				E108654B1E90AD6200B2AF21 /* UIImageView+HighlightedWebCache.m */,
				E108654C1E90AD6200B2AF21 /* UIImageView+WebCache.h */,
				E108654D1E90AD6200B2AF21 /* UIImageView+WebCache.m */,
				E108654E1E90AD6200B2AF21 /* UIView+WebCacheOperation.h */,
				E108654F1E90AD6200B2AF21 /* UIView+WebCacheOperation.m */,
			);
			path = SDWebImage;
			sourceTree = "<group>";
		};
		E10865751E90AD8C00B2AF21 /* Model */ = {
			isa = PBXGroup;
			children = (
				E10865761E90AD9500B2AF21 /* HMShop.h */,
				E10865771E90AD9500B2AF21 /* HMShop.m */,
			);
			name = Model;
			sourceTree = "<group>";
		};
		E1D36A131E86687C0084B97B = {
			isa = PBXGroup;
			children = (
				E1D36A1E1E86687C0084B97B /* KNCustomUICollectionViewFlowLayout */,
				E1D36A1D1E86687C0084B97B /* Products */,
			);
			sourceTree = "<group>";
		};
		E1D36A1D1E86687C0084B97B /* Products */ = {
			isa = PBXGroup;
			children = (
				E1D36A1C1E86687C0084B97B /* KNCustomUICollectionViewFlowLayout.app */,
			);
			name = Products;
			sourceTree = "<group>";
		};
		E1D36A1E1E86687C0084B97B /* KNCustomUICollectionViewFlowLayout */ = {
			isa = PBXGroup;
			children = (
				E10865751E90AD8C00B2AF21 /* Model */,
				E10865041E90AD6200B2AF21 /* Lib */,
				E1D36AA11E8678FD0084B97B /* layout */,
				E1D36A9B1E8670420084B97B /* view */,
				E1D36A1F1E86687C0084B97B /* Supporting Files */,
			);
			path = KNCustomUICollectionViewFlowLayout;
			sourceTree = "<group>";
		};
		E1D36A1F1E86687C0084B97B /* Supporting Files */ = {
			isa = PBXGroup;
			children = (
				E1D36A221E86687C0084B97B /* AppDelegate.h */,
				E1D36A231E86687C0084B97B /* AppDelegate.m */,
				E1D36A251E86687C0084B97B /* ViewController.h */,
				E1D36A261E86687C0084B97B /* ViewController.m */,
				E10864FA1E90A9AB00B2AF21 /* KNWaterViewController.h */,
				E10864FB1E90A9AB00B2AF21 /* KNWaterViewController.m */,
				E1D36A281E86687C0084B97B /* Main.storyboard */,
				E1D36A2B1E86687C0084B97B /* Assets.xcassets */,
				E1D36A361E86690A0084B97B /* photos */,
				E1D36A2D1E86687C0084B97B /* LaunchScreen.storyboard */,
				E1D36A301E86687C0084B97B /* Info.plist */,
				E1D36A201E86687C0084B97B /* main.m */,
			);
			name = "Supporting Files";
			sourceTree = "<group>";
		};
		E1D36A361E86690A0084B97B /* photos */ = {
			isa = PBXGroup;
			children = (
				E10865731E90AD6F00B2AF21 /* 1.plist */,
				E1D36A371E86690A0084B97B /* 1.imageset */,
				E1D36A3A1E86690A0084B97B /* 10.imageset */,
				E1D36A3D1E86690A0084B97B /* 11.imageset */,
				E1D36A401E86690A0084B97B /* 12.imageset */,
				E1D36A431E86690A0084B97B /* 13.imageset */,
				E1D36A461E86690A0084B97B /* 14.imageset */,
				E1D36A491E86690A0084B97B /* 15.imageset */,
				E1D36A4C1E86690B0084B97B /* 16.imageset */,
				E1D36A4F1E86690B0084B97B /* 17.imageset */,
				E1D36A521E86690B0084B97B /* 18.imageset */,
				E1D36A551E86690B0084B97B /* 19.imageset */,
				E1D36A581E86690B0084B97B /* 2.imageset */,
				E1D36A5B1E86690B0084B97B /* 20.imageset */,
				E1D36A5E1E86690B0084B97B /* 3.imageset */,
				E1D36A611E86690B0084B97B /* 4.imageset */,
				E1D36A641E86690B0084B97B /* 5.imageset */,
				E1D36A671E86690B0084B97B /* 6.imageset */,
				E1D36A6A1E86690B0084B97B /* 7.imageset */,
				E1D36A6D1E86690B0084B97B /* 8.imageset */,
				E1D36A701E86690B0084B97B /* 9.imageset */,
			);
			path = photos;
			sourceTree = "<group>";
		};
		E1D36A371E86690A0084B97B /* 1.imageset */ = {
			isa = PBXGroup;
			children = (
				E1D36A381E86690A0084B97B /* 1.jpg */,
				E1D36A391E86690A0084B97B /* Contents.json */,
			);
			path = 1.imageset;
			sourceTree = "<group>";
		};
		E1D36A3A1E86690A0084B97B /* 10.imageset */ = {
			isa = PBXGroup;
			children = (
				E1D36A3B1E86690A0084B97B /* 10.jpg */,
				E1D36A3C1E86690A0084B97B /* Contents.json */,
			);
			path = 10.imageset;
			sourceTree = "<group>";
		};
		E1D36A3D1E86690A0084B97B /* 11.imageset */ = {
			isa = PBXGroup;
			children = (
				E1D36A3E1E86690A0084B97B /* 11.jpg */,
				E1D36A3F1E86690A0084B97B /* Contents.json */,
			);
			path = 11.imageset;
			sourceTree = "<group>";
		};
		E1D36A401E86690A0084B97B /* 12.imageset */ = {
			isa = PBXGroup;
			children = (
				E1D36A411E86690A0084B97B /* 12.jpg */,
				E1D36A421E86690A0084B97B /* Contents.json */,
			);
			path = 12.imageset;
			sourceTree = "<group>";
		};
		E1D36A431E86690A0084B97B /* 13.imageset */ = {
			isa = PBXGroup;
			children = (
				E1D36A441E86690A0084B97B /* 13.jpg */,
				E1D36A451E86690A0084B97B /* Contents.json */,
			);
			path = 13.imageset;
			sourceTree = "<group>";
		};
		E1D36A461E86690A0084B97B /* 14.imageset */ = {
			isa = PBXGroup;
			children = (
				E1D36A471E86690A0084B97B /* 14.jpg */,
				E1D36A481E86690A0084B97B /* Contents.json */,
			);
			path = 14.imageset;
			sourceTree = "<group>";
		};
		E1D36A491E86690A0084B97B /* 15.imageset */ = {
			isa = PBXGroup;
			children = (
				E1D36A4A1E86690A0084B97B /* 15.jpg */,
				E1D36A4B1E86690A0084B97B /* Contents.json */,
			);
			path = 15.imageset;
			sourceTree = "<group>";
		};
		E1D36A4C1E86690B0084B97B /* 16.imageset */ = {
			isa = PBXGroup;
			children = (
				E1D36A4D1E86690B0084B97B /* 16.jpg */,
				E1D36A4E1E86690B0084B97B /* Contents.json */,
			);
			path = 16.imageset;
			sourceTree = "<group>";
		};
		E1D36A4F1E86690B0084B97B /* 17.imageset */ = {
			isa = PBXGroup;
			children = (
				E1D36A501E86690B0084B97B /* 17.jpg */,
				E1D36A511E86690B0084B97B /* Contents.json */,
			);
			path = 17.imageset;
			sourceTree = "<group>";
		};
		E1D36A521E86690B0084B97B /* 18.imageset */ = {
			isa = PBXGroup;
			children = (
				E1D36A531E86690B0084B97B /* 18.jpg */,
				E1D36A541E86690B0084B97B /* Contents.json */,
			);
			path = 18.imageset;
			sourceTree = "<group>";
		};
		E1D36A551E86690B0084B97B /* 19.imageset */ = {
			isa = PBXGroup;
			children = (
				E1D36A561E86690B0084B97B /* 19.jpg */,
				E1D36A571E86690B0084B97B /* Contents.json */,
			);
			path = 19.imageset;
			sourceTree = "<group>";
		};
		E1D36A581E86690B0084B97B /* 2.imageset */ = {
			isa = PBXGroup;
			children = (
				E1D36A591E86690B0084B97B /* 2.jpg */,
				E1D36A5A1E86690B0084B97B /* Contents.json */,
			);
			path = 2.imageset;
			sourceTree = "<group>";
		};
		E1D36A5B1E86690B0084B97B /* 20.imageset */ = {
			isa = PBXGroup;
			children = (
				E1D36A5C1E86690B0084B97B /* 20.jpg */,
				E1D36A5D1E86690B0084B97B /* Contents.json */,
			);
			path = 20.imageset;
			sourceTree = "<group>";
		};
		E1D36A5E1E86690B0084B97B /* 3.imageset */ = {
			isa = PBXGroup;
			children = (
				E1D36A5F1E86690B0084B97B /* 3.jpg */,
				E1D36A601E86690B0084B97B /* Contents.json */,
			);
			path = 3.imageset;
			sourceTree = "<group>";
		};
		E1D36A611E86690B0084B97B /* 4.imageset */ = {
			isa = PBXGroup;
			children = (
				E1D36A621E86690B0084B97B /* 4.jpg */,
				E1D36A631E86690B0084B97B /* Contents.json */,
			);
			path = 4.imageset;
			sourceTree = "<group>";
		};
		E1D36A641E86690B0084B97B /* 5.imageset */ = {
			isa = PBXGroup;
			children = (
				E1D36A651E86690B0084B97B /* 5.jpg */,
				E1D36A661E86690B0084B97B /* Contents.json */,
			);
			path = 5.imageset;
			sourceTree = "<group>";
		};
		E1D36A671E86690B0084B97B /* 6.imageset */ = {
			isa = PBXGroup;
			children = (
				E1D36A681E86690B0084B97B /* 6.jpg */,
				E1D36A691E86690B0084B97B /* Contents.json */,
			);
			path = 6.imageset;
			sourceTree = "<group>";
		};
		E1D36A6A1E86690B0084B97B /* 7.imageset */ = {
			isa = PBXGroup;
			children = (
				E1D36A6B1E86690B0084B97B /* 7.jpg */,
				E1D36A6C1E86690B0084B97B /* Contents.json */,
			);
			path = 7.imageset;
			sourceTree = "<group>";
		};
		E1D36A6D1E86690B0084B97B /* 8.imageset */ = {
			isa = PBXGroup;
			children = (
				E1D36A6E1E86690B0084B97B /* 8.jpg */,
				E1D36A6F1E86690B0084B97B /* Contents.json */,
			);
			path = 8.imageset;
			sourceTree = "<group>";
		};
		E1D36A701E86690B0084B97B /* 9.imageset */ = {
			isa = PBXGroup;
			children = (
				E1D36A711E86690B0084B97B /* 9.jpg */,
				E1D36A721E86690B0084B97B /* Contents.json */,
			);
			path = 9.imageset;
			sourceTree = "<group>";
		};
		E1D36A9B1E8670420084B97B /* view */ = {
			isa = PBXGroup;
			children = (
				E1D36A9C1E8670690084B97B /* KNCollectionViewCell.h */,
				E10864FF1E90AB7F00B2AF21 /* KNShopCollectionViewCell.h */,
				E10865001E90AB7F00B2AF21 /* KNShopCollectionViewCell.m */,
				E10865011E90AB7F00B2AF21 /* KNShopCollectionViewCell.xib */,
				E1D36A9D1E8670690084B97B /* KNCollectionViewCell.m */,
				E1D36A9E1E8670690084B97B /* KNCollectionViewCell.xib */,
			);
			name = view;
			sourceTree = "<group>";
		};
		E1D36AA11E8678FD0084B97B /* layout */ = {
			isa = PBXGroup;
			children = (
				E1D36AA21E86791D0084B97B /* KNCollectionViewLineFlowLayout.h */,
				E1D36AA31E86791D0084B97B /* KNCollectionViewLineFlowLayout.m */,
				E10864F11E90893A00B2AF21 /* KNStackCollectionViewLayout.h */,
				E10864F21E90893A00B2AF21 /* KNStackCollectionViewLayout.m */,
				E10864F41E9099D900B2AF21 /* KNCircleCollectionViewLayout.h */,
				E10864F51E9099D900B2AF21 /* KNCircleCollectionViewLayout.m */,
				E10864F71E90A90D00B2AF21 /* KNWaterFlowLayout.h */,
				E10864F81E90A90D00B2AF21 /* KNWaterFlowLayout.m */,
			);
			name = layout;
			sourceTree = "<group>";
		};
/* End PBXGroup section */

/* Begin PBXNativeTarget section */
		E1D36A1B1E86687C0084B97B /* KNCustomUICollectionViewFlowLayout */ = {
			isa = PBXNativeTarget;
			buildConfigurationList = E1D36A331E86687C0084B97B /* Build configuration list for PBXNativeTarget "KNCustomUICollectionViewFlowLayout" */;
			buildPhases = (
				E1D36A181E86687C0084B97B /* Sources */,
				E1D36A191E86687C0084B97B /* Frameworks */,
				E1D36A1A1E86687C0084B97B /* Resources */,
			);
			buildRules = (
			);
			dependencies = (
			);
			name = KNCustomUICollectionViewFlowLayout;
			productName = KNCustomUICollectionViewFlowLayout;
			productReference = E1D36A1C1E86687C0084B97B /* KNCustomUICollectionViewFlowLayout.app */;
			productType = "com.apple.product-type.application";
		};
/* End PBXNativeTarget section */

/* Begin PBXProject section */
		E1D36A141E86687C0084B97B /* Project object */ = {
			isa = PBXProject;
			attributes = {
				CLASSPREFIX = KN;
				LastUpgradeCheck = 0800;
				ORGANIZATIONNAME = hisun;
				TargetAttributes = {
					E1D36A1B1E86687C0084B97B = {
						CreatedOnToolsVersion = 8.0;
						DevelopmentTeam = FUV5KWMMAV;
						ProvisioningStyle = Automatic;
					};
				};
			};
			buildConfigurationList = E1D36A171E86687C0084B97B /* Build configuration list for PBXProject "KNCustomUICollectionViewFlowLayout" */;
			compatibilityVersion = "Xcode 3.2";
			developmentRegion = English;
			hasScannedForEncodings = 0;
			knownRegions = (
				en,
				Base,
			);
			mainGroup = E1D36A131E86687C0084B97B;
			productRefGroup = E1D36A1D1E86687C0084B97B /* Products */;
			projectDirPath = "";
			projectRoot = "";
			targets = (
				E1D36A1B1E86687C0084B97B /* KNCustomUICollectionViewFlowLayout */,
			);
		};
/* End PBXProject section */

/* Begin PBXResourcesBuildPhase section */
		E1D36A1A1E86687C0084B97B /* Resources */ = {
			isa = PBXResourcesBuildPhase;
			buildActionMask = 2147483647;
			files = (
				E1D36A791E86690B0084B97B /* 12.jpg in Resources */,
				E1D36A7B1E86690B0084B97B /* 13.jpg in Resources */,
				E108655B1E90AD6200B2AF21 /* MJRefresh.bundle in Resources */,
				E10865741E90AD6F00B2AF21 /* 1.plist in Resources */,
				E1D36A941E86690B0084B97B /* Contents.json in Resources */,
				E1D36A801E86690B0084B97B /* Contents.json in Resources */,
				E1D36A8E1E86690B0084B97B /* Contents.json in Resources */,
				E1D36A741E86690B0084B97B /* Contents.json in Resources */,
				E1D36A9A1E86690B0084B97B /* Contents.json in Resources */,
				E1D36A2F1E86687C0084B97B /* LaunchScreen.storyboard in Resources */,
				E1D36A881E86690B0084B97B /* Contents.json in Resources */,
				E1D36A831E86690B0084B97B /* 17.jpg in Resources */,
				E1D36A991E86690B0084B97B /* 9.jpg in Resources */,
				E1D36A8F1E86690B0084B97B /* 4.jpg in Resources */,
				E1D36A8B1E86690B0084B97B /* 20.jpg in Resources */,
				E10865031E90AB7F00B2AF21 /* KNShopCollectionViewCell.xib in Resources */,
				E1D36A951E86690B0084B97B /* 7.jpg in Resources */,
				E1D36A781E86690B0084B97B /* Contents.json in Resources */,
				E1D36A871E86690B0084B97B /* 19.jpg in Resources */,
				E1D36A7E1E86690B0084B97B /* Contents.json in Resources */,
				E1D36A8C1E86690B0084B97B /* Contents.json in Resources */,
				E1D36A731E86690B0084B97B /* 1.jpg in Resources */,
				E1D36A2C1E86687C0084B97B /* Assets.xcassets in Resources */,
				E1D36A7C1E86690B0084B97B /* Contents.json in Resources */,
				E1D36A8D1E86690B0084B97B /* 3.jpg in Resources */,
				E1D36A971E86690B0084B97B /* 8.jpg in Resources */,
				E1D36A961E86690B0084B97B /* Contents.json in Resources */,
				E1D36A931E86690B0084B97B /* 6.jpg in Resources */,
				E1D36AA01E8670690084B97B /* KNCollectionViewCell.xib in Resources */,
				E1D36A751E86690B0084B97B /* 10.jpg in Resources */,
				E1D36A851E86690B0084B97B /* 18.jpg in Resources */,
				E1D36A921E86690B0084B97B /* Contents.json in Resources */,
				E1D36A901E86690B0084B97B /* Contents.json in Resources */,
				E1D36A981E86690B0084B97B /* Contents.json in Resources */,
				E1D36A2A1E86687C0084B97B /* Main.storyboard in Resources */,
				E1D36A7F1E86690B0084B97B /* 15.jpg in Resources */,
				E1D36A7D1E86690B0084B97B /* 14.jpg in Resources */,
				E1D36A761E86690B0084B97B /* Contents.json in Resources */,
				E1D36A911E86690B0084B97B /* 5.jpg in Resources */,
				E1D36A861E86690B0084B97B /* Contents.json in Resources */,
				E1D36A8A1E86690B0084B97B /* Contents.json in Resources */,
				E1D36A7A1E86690B0084B97B /* Contents.json in Resources */,
				E1D36A811E86690B0084B97B /* 16.jpg in Resources */,
				E1D36A891E86690B0084B97B /* 2.jpg in Resources */,
				E1D36A771E86690B0084B97B /* 11.jpg in Resources */,
				E1D36A821E86690B0084B97B /* Contents.json in Resources */,
				E1D36A841E86690B0084B97B /* Contents.json in Resources */,
			);
			runOnlyForDeploymentPostprocessing = 0;
		};
/* End PBXResourcesBuildPhase section */

/* Begin PBXSourcesBuildPhase section */
		E1D36A181E86687C0084B97B /* Sources */ = {
			isa = PBXSourcesBuildPhase;
			buildActionMask = 2147483647;
			files = (
				E108656D1E90AD6200B2AF21 /* UIImage+GIF.m in Sources */,
				E108655E1E90AD6200B2AF21 /* MJRefreshFooterView.m in Sources */,
				E10865501E90AD6200B2AF21 /* MJArgument.m in Sources */,
				E10865571E90AD6200B2AF21 /* MJTypeEncoding.m in Sources */,
				E10865721E90AD6200B2AF21 /* UIView+WebCacheOperation.m in Sources */,
				E10865621E90AD6200B2AF21 /* UIView+MJExtension.m in Sources */,
				E10864F91E90A90D00B2AF21 /* KNWaterFlowLayout.m in Sources */,
				E10865531E90AD6200B2AF21 /* MJIvar.m in Sources */,
				E10865611E90AD6200B2AF21 /* UIScrollView+MJRefresh.m in Sources */,
				E10865651E90AD6200B2AF21 /* SDImageCache.m in Sources */,
				E1D36A271E86687C0084B97B /* ViewController.m in Sources */,
				E10865661E90AD6200B2AF21 /* SDWebImageCompat.m in Sources */,
				E108655F1E90AD6200B2AF21 /* MJRefreshHeaderView.m in Sources */,
				E10865781E90AD9500B2AF21 /* HMShop.m in Sources */,
				E10865701E90AD6200B2AF21 /* UIImageView+HighlightedWebCache.m in Sources */,
				E108656B1E90AD6200B2AF21 /* SDWebImagePrefetcher.m in Sources */,
				E10865691E90AD6200B2AF21 /* SDWebImageDownloaderOperation.m in Sources */,
				E10864FD1E90A9AB00B2AF21 /* KNWaterViewController.m in Sources */,
				E10865681E90AD6200B2AF21 /* SDWebImageDownloader.m in Sources */,
				E10865641E90AD6200B2AF21 /* NSData+ImageContentType.m in Sources */,
				E108655C1E90AD6200B2AF21 /* MJRefreshBaseView.m in Sources */,
				E108655D1E90AD6200B2AF21 /* MJRefreshConst.m in Sources */,
				E10864F61E9099D900B2AF21 /* KNCircleCollectionViewLayout.m in Sources */,
				E10865671E90AD6200B2AF21 /* SDWebImageDecoder.m in Sources */,
				E1D36A9F1E8670690084B97B /* KNCollectionViewCell.m in Sources */,
				E10865591E90AD6200B2AF21 /* NSObject+MJKeyValue.m in Sources */,
				E10865711E90AD6200B2AF21 /* UIImageView+WebCache.m in Sources */,
				E108656A1E90AD6200B2AF21 /* SDWebImageManager.m in Sources */,
				E1D36AA41E86791D0084B97B /* KNCollectionViewLineFlowLayout.m in Sources */,
				E10865601E90AD6200B2AF21 /* UIScrollView+MJExtension.m in Sources */,
				E10865521E90AD6200B2AF21 /* MJFoundation.m in Sources */,
				E1D36A241E86687C0084B97B /* AppDelegate.m in Sources */,
				E10865631E90AD6200B2AF21 /* MKAnnotationView+WebCache.m in Sources */,
				E10865021E90AB7F00B2AF21 /* KNShopCollectionViewCell.m in Sources */,
				E108655A1E90AD6200B2AF21 /* NSObject+MJMember.m in Sources */,
				E10864F31E90893A00B2AF21 /* KNStackCollectionViewLayout.m in Sources */,
				E108656E1E90AD6200B2AF21 /* UIImage+MultiFormat.m in Sources */,
				E108656F1E90AD6200B2AF21 /* UIImage+WebP.m in Sources */,
				E108656C1E90AD6200B2AF21 /* UIButton+WebCache.m in Sources */,
				E10865561E90AD6200B2AF21 /* MJType.m in Sources */,
				E10865511E90AD6200B2AF21 /* MJConst.m in Sources */,
				E10865581E90AD6200B2AF21 /* NSObject+MJCoding.m in Sources */,
				E10865551E90AD6200B2AF21 /* MJMethod.m in Sources */,
				E10865541E90AD6200B2AF21 /* MJMember.m in Sources */,
				E1D36A211E86687C0084B97B /* main.m in Sources */,
			);
			runOnlyForDeploymentPostprocessing = 0;
		};
/* End PBXSourcesBuildPhase section */

/* Begin PBXVariantGroup section */
		E1D36A281E86687C0084B97B /* Main.storyboard */ = {
			isa = PBXVariantGroup;
			children = (
				E1D36A291E86687C0084B97B /* Base */,
			);
			name = Main.storyboard;
			sourceTree = "<group>";
		};
		E1D36A2D1E86687C0084B97B /* LaunchScreen.storyboard */ = {
			isa = PBXVariantGroup;
			children = (
				E1D36A2E1E86687C0084B97B /* Base */,
			);
			name = LaunchScreen.storyboard;
			sourceTree = "<group>";
		};
/* End PBXVariantGroup section */

/* Begin XCBuildConfiguration section */
		E1D36A311E86687C0084B97B /* Debug */ = {
			isa = XCBuildConfiguration;
			buildSettings = {
				ALWAYS_SEARCH_USER_PATHS = NO;
				CLANG_ANALYZER_NONNULL = YES;
				CLANG_CXX_LANGUAGE_STANDARD = "gnu++0x";
				CLANG_CXX_LIBRARY = "libc++";
				CLANG_ENABLE_MODULES = YES;
				CLANG_ENABLE_OBJC_ARC = YES;
				CLANG_WARN_BOOL_CONVERSION = YES;
				CLANG_WARN_CONSTANT_CONVERSION = YES;
				CLANG_WARN_DIRECT_OBJC_ISA_USAGE = YES_ERROR;
				CLANG_WARN_DOCUMENTATION_COMMENTS = YES;
				CLANG_WARN_EMPTY_BODY = YES;
				CLANG_WARN_ENUM_CONVERSION = YES;
				CLANG_WARN_INFINITE_RECURSION = YES;
				CLANG_WARN_INT_CONVERSION = YES;
				CLANG_WARN_OBJC_ROOT_CLASS = YES_ERROR;
				CLANG_WARN_SUSPICIOUS_MOVES = YES;
				CLANG_WARN_UNREACHABLE_CODE = YES;
				CLANG_WARN__DUPLICATE_METHOD_MATCH = YES;
				"CODE_SIGN_IDENTITY[sdk=iphoneos*]" = "iPhone Developer";
				COPY_PHASE_STRIP = NO;
				DEBUG_INFORMATION_FORMAT = dwarf;
				ENABLE_STRICT_OBJC_MSGSEND = YES;
				ENABLE_TESTABILITY = YES;
				GCC_C_LANGUAGE_STANDARD = gnu99;
				GCC_DYNAMIC_NO_PIC = NO;
				GCC_NO_COMMON_BLOCKS = YES;
				GCC_OPTIMIZATION_LEVEL = 0;
				GCC_PREPROCESSOR_DEFINITIONS = (
					"DEBUG=1",
					"$(inherited)",
				);
				GCC_WARN_64_TO_32_BIT_CONVERSION = YES;
				GCC_WARN_ABOUT_RETURN_TYPE = YES_ERROR;
				GCC_WARN_UNDECLARED_SELECTOR = YES;
				GCC_WARN_UNINITIALIZED_AUTOS = YES_AGGRESSIVE;
				GCC_WARN_UNUSED_FUNCTION = YES;
				GCC_WARN_UNUSED_VARIABLE = YES;
				IPHONEOS_DEPLOYMENT_TARGET = 10.0;
				MTL_ENABLE_DEBUG_INFO = YES;
				ONLY_ACTIVE_ARCH = YES;
				SDKROOT = iphoneos;
			};
			name = Debug;
		};
		E1D36A321E86687C0084B97B /* Release */ = {
			isa = XCBuildConfiguration;
			buildSettings = {
				ALWAYS_SEARCH_USER_PATHS = NO;
				CLANG_ANALYZER_NONNULL = YES;
				CLANG_CXX_LANGUAGE_STANDARD = "gnu++0x";
				CLANG_CXX_LIBRARY = "libc++";
				CLANG_ENABLE_MODULES = YES;
				CLANG_ENABLE_OBJC_ARC = YES;
				CLANG_WARN_BOOL_CONVERSION = YES;
				CLANG_WARN_CONSTANT_CONVERSION = YES;
				CLANG_WARN_DIRECT_OBJC_ISA_USAGE = YES_ERROR;
				CLANG_WARN_DOCUMENTATION_COMMENTS = YES;
				CLANG_WARN_EMPTY_BODY = YES;
				CLANG_WARN_ENUM_CONVERSION = YES;
				CLANG_WARN_INFINITE_RECURSION = YES;
				CLANG_WARN_INT_CONVERSION = YES;
				CLANG_WARN_OBJC_ROOT_CLASS = YES_ERROR;
				CLANG_WARN_SUSPICIOUS_MOVES = YES;
				CLANG_WARN_UNREACHABLE_CODE = YES;
				CLANG_WARN__DUPLICATE_METHOD_MATCH = YES;
				"CODE_SIGN_IDENTITY[sdk=iphoneos*]" = "iPhone Developer";
				COPY_PHASE_STRIP = NO;
				DEBUG_INFORMATION_FORMAT = "dwarf-with-dsym";
				ENABLE_NS_ASSERTIONS = NO;
				ENABLE_STRICT_OBJC_MSGSEND = YES;
				GCC_C_LANGUAGE_STANDARD = gnu99;
				GCC_NO_COMMON_BLOCKS = YES;
				GCC_WARN_64_TO_32_BIT_CONVERSION = YES;
				GCC_WARN_ABOUT_RETURN_TYPE = YES_ERROR;
				GCC_WARN_UNDECLARED_SELECTOR = YES;
				GCC_WARN_UNINITIALIZED_AUTOS = YES_AGGRESSIVE;
				GCC_WARN_UNUSED_FUNCTION = YES;
				GCC_WARN_UNUSED_VARIABLE = YES;
				IPHONEOS_DEPLOYMENT_TARGET = 10.0;
				MTL_ENABLE_DEBUG_INFO = NO;
				SDKROOT = iphoneos;
				VALIDATE_PRODUCT = YES;
			};
			name = Release;
		};
		E1D36A341E86687C0084B97B /* Debug */ = {
			isa = XCBuildConfiguration;
			buildSettings = {
				ASSETCATALOG_COMPILER_APPICON_NAME = AppIcon;
				DEVELOPMENT_TEAM = FUV5KWMMAV;
				INFOPLIST_FILE = KNCustomUICollectionViewFlowLayout/Info.plist;
				LD_RUNPATH_SEARCH_PATHS = "$(inherited) @executable_path/Frameworks";
				PRODUCT_BUNDLE_IDENTIFIER = com.cmcc.KNCustomUICollectionViewFlowLayout;
				PRODUCT_NAME = "$(TARGET_NAME)";
			};
			name = Debug;
		};
		E1D36A351E86687C0084B97B /* Release */ = {
			isa = XCBuildConfiguration;
			buildSettings = {
				ASSETCATALOG_COMPILER_APPICON_NAME = AppIcon;
				DEVELOPMENT_TEAM = FUV5KWMMAV;
				INFOPLIST_FILE = KNCustomUICollectionViewFlowLayout/Info.plist;
				LD_RUNPATH_SEARCH_PATHS = "$(inherited) @executable_path/Frameworks";
				PRODUCT_BUNDLE_IDENTIFIER = com.cmcc.KNCustomUICollectionViewFlowLayout;
				PRODUCT_NAME = "$(TARGET_NAME)";
			};
			name = Release;
		};
/* End XCBuildConfiguration section */

/* Begin XCConfigurationList section */
		E1D36A171E86687C0084B97B /* Build configuration list for PBXProject "KNCustomUICollectionViewFlowLayout" */ = {
			isa = XCConfigurationList;
			buildConfigurations = (
				E1D36A311E86687C0084B97B /* Debug */,
				E1D36A321E86687C0084B97B /* Release */,
			);
			defaultConfigurationIsVisible = 0;
			defaultConfigurationName = Release;
		};
		E1D36A331E86687C0084B97B /* Build configuration list for PBXNativeTarget "KNCustomUICollectionViewFlowLayout" */ = {
			isa = XCConfigurationList;
			buildConfigurations = (
				E1D36A341E86687C0084B97B /* Debug */,
				E1D36A351E86687C0084B97B /* Release */,
			);
			defaultConfigurationIsVisible = 0;
			defaultConfigurationName = Release;
		};
/* End XCConfigurationList section */
	};
	rootObject = E1D36A141E86687C0084B97B /* Project object */;
}
